
Microsoft Visual Studio Solution File, Format Version 12.00
# Visual Studio Version 17
VisualStudioVersion = 17.8.34330.188
MinimumVisualStudioVersion = 10.0.40219.1
Project("{FAE04EC0-301F-11D3-BF4B-00C04F79EFBC}") = "OOP_KeyConcepts", "OOP_KeyConcepts\OOP_KeyConcepts.csproj", "{C7CC0503-D4D8-4AC3-A367-22A02CE00B7D}"
EndProject
Global
	GlobalSection(SolutionConfigurationPlatforms) = preSolution
		Debug|Any CPU = Debug|Any CPU
		Release|Any CPU = Release|Any CPU
	EndGlobalSection
	GlobalSection(ProjectConfigurationPlatforms) = postSolution
		{C7CC0503-D4D8-4AC3-A367-22A02CE00B7D}.Debug|Any CPU.ActiveCfg = Debug|Any CPU
		{C7CC0503-D4D8-4AC3-A367-22A02CE00B7D}.Debug|Any CPU.Build.0 = Debug|Any CPU
		{C7CC0503-D4D8-4AC3-A367-22A02CE00B7D}.Release|Any CPU.ActiveCfg = Release|Any CPU
		{C7CC0503-D4D8-4AC3-A367-22A02CE00B7D}.Release|Any CPU.Build.0 = Release|Any CPU
	EndGlobalSection
	GlobalSection(SolutionProperties) = preSolution
		HideSolutionNode = FALSE
	EndGlobalSection
	GlobalSection(ExtensibilityGlobals) = postSolution
		SolutionGuid = {97FFEE4B-D40B-4873-8AAE-D3EC439B5A6E}
	EndGlobalSection
EndGlobal
